{
  "name": "whatsapp-supabase-bot",
  "version": "1.0.0",
  "lockfileVersion": 3,
  "requires": true,
  "packages": {
    "": {
      "name": "whatsapp-supabase-bot",
      "version": "1.0.0",
      "dependencies": {
        "@supabase/supabase-js": "^2.39.7",
        "body-parser": "^1.20.3",
        "dotenv": "^16.4.5",
        "express": "^4.21.1",
        "node-fetch": "^3.3.2"
      }
    },
    "node_modules/@supabase/supabase-js": {
      "version": "2.39.7",
      "resolved": "https://registry.npmjs.org/@supabase/supabase-js/-/supabase-js-2.39.7.tgz",
      "integrity": "sha512-XXXXXXXXXXXXXXXXXXXXXXXXXXXX",
      "dependencies": {
        "cross-fetch": "^3.1.8"
      }
    },
    "node_modules/body-parser": {
      "version": "1.20.3",
      "resolved": "https://registry.npmjs.org/body-parser/-/body-parser-1.20.3.tgz",
      "integrity": "sha512-XXXXXXXXXXXXXXXXXXXXXXXXXXXX"
    },
    "node_modules/dotenv": {
      "version": "16.4.5",
      "resolved": "https://registry.npmjs.org/dotenv/-/dotenv-16.4.5.tgz",
      "integrity": "sha512-XXXXXXXXXXXXXXXXXXXXXXXXXXXX"
    },
    "node_modules/express": {
      "version": "4.21.1",
      "resolved": "https://registry.npmjs.org/express/-/express-4.21.1.tgz",
      "integrity": "sha512-XXXXXXXXXXXXXXXXXXXXXXXXXXXX"
    },
    "node_modules/node-fetch": {
      "version": "3.3.2",
      "resolved": "https://registry.npmjs.org/node-fetch/-/node-fetch-3.3.2.tgz",
      "integrity": "sha512-XXXXXXXXXXXXXXXXXXXXXXXXXXXX"
    }
  }
}
